
Microsoft Visual Studio Solution File, Format Version 12.00
# Visual Studio Version 16
VisualStudioVersion = 16.0.30204.135
MinimumVisualStudioVersion = 10.0.40219.1
Project("{FAE04EC0-301F-11D3-BF4B-00C04F79EFBC}") = "BettingRoulette", "BettingRoulette\BettingRoulette.csproj", "{5BDEE707-0014-422F-B6E7-ED4B2B0D0298}"
EndProject
Global
	GlobalSection(SolutionConfigurationPlatforms) = preSolution
		Debug|Any CPU = Debug|Any CPU
		Release|Any CPU = Release|Any CPU
	EndGlobalSection
	GlobalSection(ProjectConfigurationPlatforms) = postSolution
		{5BDEE707-0014-422F-B6E7-ED4B2B0D0298}.Debug|Any CPU.ActiveCfg = Debug|Any CPU
		{5BDEE707-0014-422F-B6E7-ED4B2B0D0298}.Debug|Any CPU.Build.0 = Debug|Any CPU
		{5BDEE707-0014-422F-B6E7-ED4B2B0D0298}.Release|Any CPU.ActiveCfg = Release|Any CPU
		{5BDEE707-0014-422F-B6E7-ED4B2B0D0298}.Release|Any CPU.Build.0 = Release|Any CPU
	EndGlobalSection
	GlobalSection(SolutionProperties) = preSolution
		HideSolutionNode = FALSE
	EndGlobalSection
	GlobalSection(ExtensibilityGlobals) = postSolution
		SolutionGuid = {B43C9A05-B52B-47C9-A8A3-FE1E0BCEB0F1}
	EndGlobalSection
EndGlobal
